{
  "requires": true,
  "lockfileVersion": 1,
  "dependencies": {
    "dom7": {
      "version": "2.1.5",
      "resolved": "https://registry.npmjs.org/dom7/-/dom7-2.1.5.tgz",
      "integrity": "sha512-xnhwVgyOh3eD++/XGtH+5qBwYTgCm0aW91GFgPJ3XG+jlsRLyJivnbP0QmUBFhI+Oaz9FV0s7cxgXHezwOEBYA==",
      "requires": {
        "ssr-window": "^2.0.0"
      }
    },
    "framework7": {
      "version": "5.7.10",
      "resolved": "https://registry.npmjs.org/framework7/-/framework7-5.7.10.tgz",
      "integrity": "sha512-OkKou1R4MrM5jL55XkhvJz0RO+FlNCnAgJTdSPXPSALVZt+30YAdJ0mPtcTfG9S7HHFYX6LzYodJf8HQfDsHhw==",
      "requires": {
        "dom7": "^2.1.5",
        "path-to-regexp": "^6.1.0",
        "ssr-window": "^2.0.0",
        "template7": "^1.4.2"
      }
    },
    "path-to-regexp": {
      "version": "6.1.0",
      "resolved": "https://registry.npmjs.org/path-to-regexp/-/path-to-regexp-6.1.0.tgz",
      "integrity": "sha512-h9DqehX3zZZDCEm+xbfU0ZmwCGFCAAraPJWMXJ4+v32NjZJilVg3k1TcKsRgIb8IQ/izZSaydDc1OhJCZvs2Dw=="
    },
    "ssr-window": {
      "version": "2.0.0",
      "resolved": "https://registry.npmjs.org/ssr-window/-/ssr-window-2.0.0.tgz",
      "integrity": "sha512-NXzN+/HPObKAx191H3zKlYomE5WrVIkoCB5IaSdvKokxTpjBdWfr0RaP+1Z5KOfDT0ZVz+2tdtiBkhsEQ9p+0A=="
    },
    "template7": {
      "version": "1.4.2",
      "resolved": "https://registry.npmjs.org/template7/-/template7-1.4.2.tgz",
      "integrity": "sha512-eoKnScBMDk7lyj7+iCzKbxGiSLLlQk0DNvmclyJuMCUKxy9JrFuAB+GD5iplF4WiQPtMdI06CHHks3avL22JXA=="
    }
  }
}
