
Microsoft Visual Studio Solution File, Format Version 12.00
# Visual Studio Version 16
VisualStudioVersion = 16.0.29806.167
MinimumVisualStudioVersion = 10.0.40219.1
Project("{E24C65DC-7377-472B-9ABA-BC803B73C61A}") = "villagewebsite", "villagewebsite\", "{AD14ECFD-823C-4252-87D7-C13D2A738545}"
	ProjectSection(WebsiteProperties) = preProject
		TargetFrameworkMoniker = ".NETFramework,Version%3Dv4.7.2"
		Debug.AspNetCompiler.VirtualPath = "/localhost_56404"
		Debug.AspNetCompiler.PhysicalPath = "villagewebsite\"
		Debug.AspNetCompiler.TargetPath = "PrecompiledWeb\localhost_56404\"
		Debug.AspNetCompiler.Updateable = "true"
		Debug.AspNetCompiler.ForceOverwrite = "true"
		Debug.AspNetCompiler.FixedNames = "false"
		Debug.AspNetCompiler.Debug = "True"
		Release.AspNetCompiler.VirtualPath = "/localhost_56404"
		Release.AspNetCompiler.PhysicalPath = "villagewebsite\"
		Release.AspNetCompiler.TargetPath = "PrecompiledWeb\localhost_56404\"
		Release.AspNetCompiler.Updateable = "true"
		Release.AspNetCompiler.ForceOverwrite = "true"
		Release.AspNetCompiler.FixedNames = "false"
		Release.AspNetCompiler.Debug = "False"
		VWDPort = "56404"
		SlnRelativePath = "villagewebsite\"
	EndProjectSection
EndProject
Project("{2150E333-8FDC-42A3-9474-1A3956D46DE8}") = "Solution Items", "Solution Items", "{165AD236-2062-461D-8CE6-1C8B46D85E90}"
	ProjectSection(SolutionItems) = preProject
		..\.gitignore = ..\.gitignore
		..\deploy.yml = ..\deploy.yml
		villagewebsite\Bin\CricketClubAccounts.dll.refresh = villagewebsite\Bin\CricketClubAccounts.dll.refresh
		villagewebsite\Bin\CricketClubDAL.dll.refresh = villagewebsite\Bin\CricketClubDAL.dll.refresh
		villagewebsite\Bin\CricketClubDomain.dll.refresh = villagewebsite\Bin\CricketClubDomain.dll.refresh
		villagewebsite\Bin\CricketClubMiddle.dll.refresh = villagewebsite\Bin\CricketClubMiddle.dll.refresh
	EndProjectSection
EndProject
Global
	GlobalSection(SolutionConfigurationPlatforms) = preSolution
		Debug|Any CPU = Debug|Any CPU
	EndGlobalSection
	GlobalSection(ProjectConfigurationPlatforms) = postSolution
		{AD14ECFD-823C-4252-87D7-C13D2A738545}.Debug|Any CPU.ActiveCfg = Debug|Any CPU
		{AD14ECFD-823C-4252-87D7-C13D2A738545}.Debug|Any CPU.Build.0 = Debug|Any CPU
	EndGlobalSection
	GlobalSection(SolutionProperties) = preSolution
		HideSolutionNode = FALSE
	EndGlobalSection
	GlobalSection(ExtensibilityGlobals) = postSolution
		SolutionGuid = {DF67F6F8-6367-4EF1-9216-97E705A664E2}
	EndGlobalSection
EndGlobal
